# @generated - this file is auto-generated by `mise lock` https://mise.en.dev/dev-tools/mise-lock.html

[[tools."aqua:Kampfkarren/selene"]]
version = "0.30.1"
backend = "aqua:Kampfkarren/selene"

[tools."aqua:Kampfkarren/selene"."platforms.linux-x64"]
checksum = "sha256:c8c0f2102cb37e5e3ee2c984b51946b8ea8cf7804b5ea067afdb42fd2b95ff6e"
url = "https://github.com/Kampfkarren/selene/releases/download/0.30.1/selene-0.30.1-linux.zip"
url_api = "https://api.github.com/repos/Kampfkarren/selene/releases/assets/366317631"

[tools."aqua:Kampfkarren/selene"."platforms.linux-x64-musl"]
checksum = "sha256:c8c0f2102cb37e5e3ee2c984b51946b8ea8cf7804b5ea067afdb42fd2b95ff6e"
url = "https://github.com/Kampfkarren/selene/releases/download/0.30.1/selene-0.30.1-linux.zip"
url_api = "https://api.github.com/repos/Kampfkarren/selene/releases/assets/366317631"

[tools."aqua:Kampfkarren/selene"."platforms.macos-arm64"]
checksum = "sha256:4858f5f732491680d361744977d7ef3e30c09f1bd454cb6e1e337c9c58fbbd94"
url = "https://github.com/Kampfkarren/selene/releases/download/0.30.1/selene-0.30.1-macos.zip"
url_api = "https://api.github.com/repos/Kampfkarren/selene/releases/assets/366317653"

[tools."aqua:Kampfkarren/selene"."platforms.macos-x64"]
checksum = "sha256:4858f5f732491680d361744977d7ef3e30c09f1bd454cb6e1e337c9c58fbbd94"
url = "https://github.com/Kampfkarren/selene/releases/download/0.30.1/selene-0.30.1-macos.zip"
url_api = "https://api.github.com/repos/Kampfkarren/selene/releases/assets/366317653"

[tools."aqua:Kampfkarren/selene"."platforms.windows-x64"]
checksum = "sha256:b55a8592ba6ffd54c88edd3396348e43d581494c2c255cd2d02c8c26b96080f4"
url = "https://github.com/Kampfkarren/selene/releases/download/0.30.1/selene-0.30.1-windows.zip"
url_api = "https://api.github.com/repos/Kampfkarren/selene/releases/assets/366317641"

[[tools."aqua:google/yamlfmt"]]
version = "0.21.0"
backend = "aqua:google/yamlfmt"

[tools."aqua:google/yamlfmt"."platforms.linux-arm64"]
checksum = "sha256:5b2689c963b177271330c5ce8ca7396751107e5a826be46f03d2cb9b6f0c7784"
url = "https://github.com/google/yamlfmt/releases/download/v0.21.0/yamlfmt_0.21.0_Linux_arm64.tar.gz"
url_api = "https://api.github.com/repos/google/yamlfmt/releases/assets/336650208"

[tools."aqua:google/yamlfmt"."platforms.linux-arm64-musl"]
checksum = "sha256:5b2689c963b177271330c5ce8ca7396751107e5a826be46f03d2cb9b6f0c7784"
url = "https://github.com/google/yamlfmt/releases/download/v0.21.0/yamlfmt_0.21.0_Linux_arm64.tar.gz"
url_api = "https://api.github.com/repos/google/yamlfmt/releases/assets/336650208"

[tools."aqua:google/yamlfmt"."platforms.linux-x64"]
checksum = "sha256:1f300d9257b232bb3b541d7fb1b0e6b3c121bcbab381c86cd38cb8722be8a566"
url = "https://github.com/google/yamlfmt/releases/download/v0.21.0/yamlfmt_0.21.0_Linux_x86_64.tar.gz"
url_api = "https://api.github.com/repos/google/yamlfmt/releases/assets/336650203"

[tools."aqua:google/yamlfmt"."platforms.linux-x64-musl"]
checksum = "sha256:1f300d9257b232bb3b541d7fb1b0e6b3c121bcbab381c86cd38cb8722be8a566"
url = "https://github.com/google/yamlfmt/releases/download/v0.21.0/yamlfmt_0.21.0_Linux_x86_64.tar.gz"
url_api = "https://api.github.com/repos/google/yamlfmt/releases/assets/336650203"

[tools."aqua:google/yamlfmt"."platforms.macos-arm64"]
checksum = "sha256:4b417ecb94339d57e4c122ecc948c1a00fe328b5853266de9806e652a92858fa"
url = "https://github.com/google/yamlfmt/releases/download/v0.21.0/yamlfmt_0.21.0_Darwin_arm64.tar.gz"
url_api = "https://api.github.com/repos/google/yamlfmt/releases/assets/336650209"

[tools."aqua:google/yamlfmt"."platforms.macos-x64"]
checksum = "sha256:060e943bcb8583c456810eb1ff4721b4f46c4a0c1a4432449d5dc3bbfe29a22b"
url = "https://github.com/google/yamlfmt/releases/download/v0.21.0/yamlfmt_0.21.0_Darwin_x86_64.tar.gz"
url_api = "https://api.github.com/repos/google/yamlfmt/releases/assets/336650207"

[tools."aqua:google/yamlfmt"."platforms.windows-x64"]
checksum = "sha256:07f80ce5d741eb4b0a9380ac78a19c7cb5bd44e2a9a47a5a04839e3ba54dd463"
url = "https://github.com/google/yamlfmt/releases/download/v0.21.0/yamlfmt_0.21.0_Windows_x86_64.tar.gz"
url_api = "https://api.github.com/repos/google/yamlfmt/releases/assets/336650206"

[[tools.bun]]
version = "1.4.0"
backend = "core:bun"

[tools.bun."platforms.linux-arm64"]
checksum = "sha256:4b1a332ee861983eb93bcfe6f770fff94e3e31b2c388bdaea3c8ed35e58eed0e"
url = "https://github.com/oven-sh/bun/releases/download/bun-v1.4.0/bun-linux-aarch64.zip"

[tools.bun."platforms.linux-arm64-musl"]
checksum = "sha256:576300ce33ff16ffcd455bf178c2f095f9df845c6cc3d0284ba1c96ca0e80473"
url = "https://github.com/oven-sh/bun/releases/download/bun-v1.4.0/bun-linux-aarch64-musl.zip"

[tools.bun."platforms.linux-x64"]
checksum = "sha256:2d03fb5fb83ac8b567aca0a281b2ce1a1a19d488f56c2968d88c3f25e92fe452"
url = "https://github.com/oven-sh/bun/releases/download/bun-v1.4.0/bun-linux-x64.zip"

[tools.bun."platforms.linux-x64-baseline"]
checksum = "sha256:184fb4595f0d401a217cf7c78c1bc430ba83314dab7a8b94805babbf7fa7097f"
url = "https://github.com/oven-sh/bun/releases/download/bun-v1.4.0/bun-linux-x64-baseline.zip"

[tools.bun."platforms.linux-x64-musl"]
checksum = "sha256:83b5f12fd258dd8d4fdcaea65ede954366aa717dab399e20093ecab280d54e7a"
url = "https://github.com/oven-sh/bun/releases/download/bun-v1.4.0/bun-linux-x64-musl.zip"

[tools.bun."platforms.linux-x64-musl-baseline"]
checksum = "sha256:618c4bc1f94b02337ee210003c0b7c066f11548a8cdc5109df10db043dc47ca2"
url = "https://github.com/oven-sh/bun/releases/download/bun-v1.4.0/bun-linux-x64-musl-baseline.zip"

[tools.bun."platforms.macos-arm64"]
checksum = "sha256:c669e97f6164e1c96e0701748db98dfa77492908cbd8394c7557134a735de381"
url = "https://github.com/oven-sh/bun/releases/download/bun-v1.4.0/bun-darwin-aarch64.zip"

[tools.bun."platforms.macos-x64"]
checksum = "sha256:1d0211b8f1dc991182344687ad15e72ee86f154845a5f7fa477994cd341dd9b0"
url = "https://github.com/oven-sh/bun/releases/download/bun-v1.4.0/bun-darwin-x64.zip"

[tools.bun."platforms.macos-x64-baseline"]
checksum = "sha256:da9b9f1b4ba766c6f299711f38dfaa98623e1ed9c40896aa53db803c52ec1fa0"
url = "https://github.com/oven-sh/bun/releases/download/bun-v1.4.0/bun-darwin-x64-baseline.zip"

[tools.bun."platforms.windows-x64"]
checksum = "sha256:e6f093d39da486b20262ca8cdd5ed6a9e8bc9c2f275b78e6d3a0c5b28cc95901"
url = "https://github.com/oven-sh/bun/releases/download/bun-v1.4.0/bun-windows-x64.zip"

[tools.bun."platforms.windows-x64-baseline"]
checksum = "sha256:b929c54a9badb104a16dedd23aab6152c86793ae653d4e6b13983ffd0c882a66"
url = "https://github.com/oven-sh/bun/releases/download/bun-v1.4.0/bun-windows-x64-baseline.zip"

[[tools.hk]]
version = "1.46.0"
backend = "aqua:jdx/hk"

[tools.hk."platforms.linux-arm64"]
checksum = "sha256:bad1b4e52cce2147646d943baa06a7bdb3d182ae0876853897a72225626411ae"
url = "https://github.com/jdx/hk/releases/download/v1.46.0/hk-aarch64-unknown-linux-gnu.tar.gz"
url_api = "https://api.github.com/repos/jdx/hk/releases/assets/431420599"

[tools.hk."platforms.linux-arm64-musl"]
checksum = "sha256:ad11b69485096ec5b1822f5bad298d2a44664b85d10d0308c812473b17b1321a"
url = "https://github.com/jdx/hk/releases/download/v1.46.0/hk-aarch64-unknown-linux-musl.tar.gz"
url_api = "https://api.github.com/repos/jdx/hk/releases/assets/431420602"

[tools.hk."platforms.linux-x64"]
checksum = "sha256:85b2cc167443cd27b49e323ef9b9d1a946d4bc18196eccb66112842d30fb90cb"
url = "https://github.com/jdx/hk/releases/download/v1.46.0/hk-x86_64-unknown-linux-gnu.tar.gz"
url_api = "https://api.github.com/repos/jdx/hk/releases/assets/431420608"

[tools.hk."platforms.linux-x64-musl"]
checksum = "sha256:4ff45e1bfc9672b1b00572b4a50fac3b57e4add622ed56e9e2587745299932eb"
url = "https://github.com/jdx/hk/releases/download/v1.46.0/hk-x86_64-unknown-linux-musl.tar.gz"
url_api = "https://api.github.com/repos/jdx/hk/releases/assets/431420609"

[tools.hk."platforms.macos-arm64"]
checksum = "sha256:9db3fac25754cfb929dc3f92b294fffdb966d4e838b8e0adeaf5b9b7eccc4f6c"
url = "https://github.com/jdx/hk/releases/download/v1.46.0/hk-aarch64-apple-darwin.tar.gz"
url_api = "https://api.github.com/repos/jdx/hk/releases/assets/431420600"

[tools.hk."platforms.windows-x64"]
checksum = "sha256:5af7e769acb7f70d8630ed53ae1fb2cc4b205117f29df5d83619fa0ff72a3bf1"
url = "https://github.com/jdx/hk/releases/download/v1.46.0/hk-x86_64-pc-windows-msvc.zip"
url_api = "https://api.github.com/repos/jdx/hk/releases/assets/431420604"

[[tools.lua-language-server]]
version = "3.18.2"
backend = "aqua:LuaLS/lua-language-server"

[tools.lua-language-server."platforms.linux-arm64"]
checksum = "sha256:273af33f26f4a1143f27c96d9f9e1188aba619c71e0807042134f66b4bd27f24"
url = "https://github.com/LuaLS/lua-language-server/releases/download/3.18.2/lua-language-server-3.18.2-linux-arm64.tar.gz"

[tools.lua-language-server."platforms.linux-arm64-musl"]
checksum = "sha256:273af33f26f4a1143f27c96d9f9e1188aba619c71e0807042134f66b4bd27f24"
url = "https://github.com/LuaLS/lua-language-server/releases/download/3.18.2/lua-language-server-3.18.2-linux-arm64.tar.gz"

[tools.lua-language-server."platforms.linux-x64"]
checksum = "sha256:ca71415dd19f19e30aaa35a4915aefca9fdb5fec31b98331cc3d77f778d539c5"
url = "https://github.com/LuaLS/lua-language-server/releases/download/3.18.2/lua-language-server-3.18.2-linux-x64.tar.gz"

[tools.lua-language-server."platforms.linux-x64-musl"]
checksum = "sha256:ca71415dd19f19e30aaa35a4915aefca9fdb5fec31b98331cc3d77f778d539c5"
url = "https://github.com/LuaLS/lua-language-server/releases/download/3.18.2/lua-language-server-3.18.2-linux-x64.tar.gz"

[tools.lua-language-server."platforms.macos-arm64"]
checksum = "sha256:cec99d70b1f612acec4a10a79a03664e3aa0c229d4d8a586cb3f928ec37d509e"
url = "https://github.com/LuaLS/lua-language-server/releases/download/3.18.2/lua-language-server-3.18.2-darwin-arm64.tar.gz"

[tools.lua-language-server."platforms.macos-x64"]
checksum = "sha256:e26cfefe423dd7326fc7c649539e4d4aaa4f35f34d2fefd8af2ed7090b72c556"
url = "https://github.com/LuaLS/lua-language-server/releases/download/3.18.2/lua-language-server-3.18.2-darwin-x64.tar.gz"

[tools.lua-language-server."platforms.windows-x64"]
checksum = "sha256:a4439a8f5e8e9e6505c11f045a7bf45db602124a1e246371c1dbe34924f3cf71"
url = "https://github.com/LuaLS/lua-language-server/releases/download/3.18.2/lua-language-server-3.18.2-win32-x64.zip"

[[tools.neovim]]
version = "0.12.3"
backend = "vfox:mise-plugins/vfox-neovim"

[tools.neovim."platforms.linux-arm64"]
url = "https://github.com/neovim/neovim/releases/download/v0.12.3/nvim-linux-arm64.tar.gz"

[tools.neovim."platforms.linux-arm64-musl"]
url = "https://github.com/neovim/neovim/releases/download/v0.12.3/nvim-linux-arm64.tar.gz"

[tools.neovim."platforms.linux-x64"]
url = "https://github.com/neovim/neovim/releases/download/v0.12.3/nvim-linux-x86_64.tar.gz"

[tools.neovim."platforms.linux-x64-musl"]
url = "https://github.com/neovim/neovim/releases/download/v0.12.3/nvim-linux-x86_64.tar.gz"

[tools.neovim."platforms.macos-arm64"]
url = "https://github.com/neovim/neovim/releases/download/v0.12.3/nvim-macos-arm64.tar.gz"

[tools.neovim."platforms.macos-x64"]
url = "https://github.com/neovim/neovim/releases/download/v0.12.3/nvim-macos-x86_64.tar.gz"

[tools.neovim."platforms.windows-x64"]
url = "https://github.com/neovim/neovim/releases/download/v0.12.3/nvim-win64.zip"

[[tools."npm:oxfmt"]]
version = "0.67.0"
backend = "npm:oxfmt"

[[tools.oxlint]]
version = "1.82.0"
backend = "aqua:oxc-project/oxc/oxlint"

[tools.oxlint."platforms.linux-arm64"]
checksum = "sha256:0c59db096ce59b5d690b3e7c75d5b729e565e730634f067d352ce7eb857d944a"
url = "https://github.com/oxc-project/oxc/releases/download/apps_v1.82.0/oxlint-aarch64-unknown-linux-gnu.tar.gz"
url_api = "https://api.github.com/repos/oxc-project/oxc/releases/assets/548949529"

[tools.oxlint."platforms.linux-arm64-musl"]
checksum = "sha256:84fb0260566a02e3fdb60472a4195ebc491115029ea11b91c9b8d8ee234f62c9"
url = "https://github.com/oxc-project/oxc/releases/download/apps_v1.82.0/oxlint-aarch64-unknown-linux-musl.tar.gz"
url_api = "https://api.github.com/repos/oxc-project/oxc/releases/assets/548949530"

[tools.oxlint."platforms.linux-x64"]
checksum = "sha256:2284a516360c42166b9f0b1c1aa6920322d3385d93a7ff7061d2d8ed77ec1e35"
url = "https://github.com/oxc-project/oxc/releases/download/apps_v1.82.0/oxlint-x86_64-unknown-linux-gnu.tar.gz"
url_api = "https://api.github.com/repos/oxc-project/oxc/releases/assets/548949584"

[tools.oxlint."platforms.linux-x64-musl"]
checksum = "sha256:20f1b45176de30e49c983ff4a701383901ba24564239925bc7a0d0ae871c3187"
url = "https://github.com/oxc-project/oxc/releases/download/apps_v1.82.0/oxlint-x86_64-unknown-linux-musl.tar.gz"
url_api = "https://api.github.com/repos/oxc-project/oxc/releases/assets/548949592"

[tools.oxlint."platforms.macos-arm64"]
checksum = "sha256:e420b7f67fc1ec5426c932a7e5b07e546c67c661c9b7116ba6c8c9648ff96074"
url = "https://github.com/oxc-project/oxc/releases/download/apps_v1.82.0/oxlint-aarch64-apple-darwin.tar.gz"
url_api = "https://api.github.com/repos/oxc-project/oxc/releases/assets/548949519"

[tools.oxlint."platforms.macos-x64"]
checksum = "sha256:42206a631be5a65e4f32de5983e9e8991197ef2756870c257a5db2e6f493a86f"
url = "https://github.com/oxc-project/oxc/releases/download/apps_v1.82.0/oxlint-x86_64-apple-darwin.tar.gz"
url_api = "https://api.github.com/repos/oxc-project/oxc/releases/assets/548949578"

[tools.oxlint."platforms.windows-x64"]
checksum = "sha256:9b4a908929e005c5c63e9773267867a945d7812d9e3175e864b75a6f22426e47"
url = "https://github.com/oxc-project/oxc/releases/download/apps_v1.82.0/oxlint-x86_64-pc-windows-msvc.zip"
url_api = "https://api.github.com/repos/oxc-project/oxc/releases/assets/548949580"

[[tools."pipx:rumdl"]]
version = "0.2.7"
backend = "pipx:rumdl"

[[tools.pkl]]
version = "0.31.1"
backend = "aqua:apple/pkl"

[tools.pkl."platforms.linux-arm64"]
checksum = "sha256:7ef10e743daa921fb94ae7bdb9ec6986f362bf250c55814b9ea2aeb13f2d083e"
url = "https://github.com/apple/pkl/releases/download/0.31.1/pkl-linux-aarch64"
url_api = "https://api.github.com/repos/apple/pkl/releases/assets/382243722"

[tools.pkl."platforms.linux-arm64-musl"]
checksum = "sha256:7ef10e743daa921fb94ae7bdb9ec6986f362bf250c55814b9ea2aeb13f2d083e"
url = "https://github.com/apple/pkl/releases/download/0.31.1/pkl-linux-aarch64"
url_api = "https://api.github.com/repos/apple/pkl/releases/assets/382243722"

[tools.pkl."platforms.linux-x64"]
checksum = "sha256:618f13955d755cafbfe8c9cba1d27635848cd49dbc6abffd398d2751db1231bf"
url = "https://github.com/apple/pkl/releases/download/0.31.1/pkl-linux-amd64"
url_api = "https://api.github.com/repos/apple/pkl/releases/assets/382243718"

[tools.pkl."platforms.linux-x64-musl"]
checksum = "sha256:618f13955d755cafbfe8c9cba1d27635848cd49dbc6abffd398d2751db1231bf"
url = "https://github.com/apple/pkl/releases/download/0.31.1/pkl-linux-amd64"
url_api = "https://api.github.com/repos/apple/pkl/releases/assets/382243718"

[tools.pkl."platforms.macos-arm64"]
checksum = "sha256:1b6a5438d9624cd2798a7530721bbbfa27ef72efe5c878a1b6c546c6e7ca0e8f"
url = "https://github.com/apple/pkl/releases/download/0.31.1/pkl-macos-aarch64"
url_api = "https://api.github.com/repos/apple/pkl/releases/assets/382243720"

[tools.pkl."platforms.macos-x64"]
checksum = "sha256:22123ed4ae4c03afa8c54c69f77f0bec39b0fa0f67b09d6d148e0a376a2a471d"
url = "https://github.com/apple/pkl/releases/download/0.31.1/pkl-macos-amd64"
url_api = "https://api.github.com/repos/apple/pkl/releases/assets/382243726"

[tools.pkl."platforms.windows-x64"]
checksum = "sha256:a8834481667325b44c539dbb758d7365a16389070f343c04b639bbe525ede013"
url = "https://github.com/apple/pkl/releases/download/0.31.1/pkl-windows-amd64.exe"
url_api = "https://api.github.com/repos/apple/pkl/releases/assets/382243744"

[[tools.shellcheck]]
version = "0.11.0"
backend = "aqua:koalaman/shellcheck"

[tools.shellcheck."platforms.linux-arm64"]
checksum = "sha256:12b331c1d2db6b9eb13cfca64306b1b157a86eb69db83023e261eaa7e7c14588"
url = "https://github.com/koalaman/shellcheck/releases/download/v0.11.0/shellcheck-v0.11.0.linux.aarch64.tar.xz"
url_api = "https://api.github.com/repos/koalaman/shellcheck/releases/assets/279056934"

[tools.shellcheck."platforms.linux-arm64-musl"]
checksum = "sha256:12b331c1d2db6b9eb13cfca64306b1b157a86eb69db83023e261eaa7e7c14588"
url = "https://github.com/koalaman/shellcheck/releases/download/v0.11.0/shellcheck-v0.11.0.linux.aarch64.tar.xz"
url_api = "https://api.github.com/repos/koalaman/shellcheck/releases/assets/279056934"

[tools.shellcheck."platforms.linux-x64"]
checksum = "sha256:8c3be12b05d5c177a04c29e3c78ce89ac86f1595681cab149b65b97c4e227198"
url = "https://github.com/koalaman/shellcheck/releases/download/v0.11.0/shellcheck-v0.11.0.linux.x86_64.tar.xz"
url_api = "https://api.github.com/repos/koalaman/shellcheck/releases/assets/279056942"

[tools.shellcheck."platforms.linux-x64-musl"]
checksum = "sha256:8c3be12b05d5c177a04c29e3c78ce89ac86f1595681cab149b65b97c4e227198"
url = "https://github.com/koalaman/shellcheck/releases/download/v0.11.0/shellcheck-v0.11.0.linux.x86_64.tar.xz"
url_api = "https://api.github.com/repos/koalaman/shellcheck/releases/assets/279056942"

[tools.shellcheck."platforms.macos-arm64"]
checksum = "sha256:56affdd8de5527894dca6dc3d7e0a99a873b0f004d7aabc30ae407d3f48b0a79"
url = "https://github.com/koalaman/shellcheck/releases/download/v0.11.0/shellcheck-v0.11.0.darwin.aarch64.tar.xz"
url_api = "https://api.github.com/repos/koalaman/shellcheck/releases/assets/279056932"

[tools.shellcheck."platforms.macos-x64"]
checksum = "sha256:3c89db4edcab7cf1c27bff178882e0f6f27f7afdf54e859fa041fca10febe4c6"
url = "https://github.com/koalaman/shellcheck/releases/download/v0.11.0/shellcheck-v0.11.0.darwin.x86_64.tar.xz"
url_api = "https://api.github.com/repos/koalaman/shellcheck/releases/assets/279056930"

[tools.shellcheck."platforms.windows-x64"]
checksum = "sha256:8a4e35ab0b331c85d73567b12f2a444df187f483e5079ceffa6bda1faa2e740e"
url = "https://github.com/koalaman/shellcheck/releases/download/v0.11.0/shellcheck-v0.11.0.zip"
url_api = "https://api.github.com/repos/koalaman/shellcheck/releases/assets/279056944"

[[tools.shfmt]]
version = "3.13.1"
backend = "aqua:mvdan/sh"

[tools.shfmt."platforms.linux-arm64"]
checksum = "sha256:32d92acaa5cd8abb29fc49dac123dc412442d5713967819d8af2c29f1b3857c7"
url = "https://github.com/mvdan/sh/releases/download/v3.13.1/shfmt_v3.13.1_linux_arm64"
url_api = "https://api.github.com/repos/mvdan/sh/releases/assets/390322859"

[tools.shfmt."platforms.linux-arm64-musl"]
checksum = "sha256:32d92acaa5cd8abb29fc49dac123dc412442d5713967819d8af2c29f1b3857c7"
url = "https://github.com/mvdan/sh/releases/download/v3.13.1/shfmt_v3.13.1_linux_arm64"
url_api = "https://api.github.com/repos/mvdan/sh/releases/assets/390322859"

[tools.shfmt."platforms.linux-x64"]
checksum = "sha256:fb096c5d1ac6beabbdbaa2874d025badb03ee07929f0c9ff67563ce8c75398b1"
url = "https://github.com/mvdan/sh/releases/download/v3.13.1/shfmt_v3.13.1_linux_amd64"
url_api = "https://api.github.com/repos/mvdan/sh/releases/assets/390322866"

[tools.shfmt."platforms.linux-x64-musl"]
checksum = "sha256:fb096c5d1ac6beabbdbaa2874d025badb03ee07929f0c9ff67563ce8c75398b1"
url = "https://github.com/mvdan/sh/releases/download/v3.13.1/shfmt_v3.13.1_linux_amd64"
url_api = "https://api.github.com/repos/mvdan/sh/releases/assets/390322866"

[tools.shfmt."platforms.macos-arm64"]
checksum = "sha256:9680526be4a66ea1ffe988ed08af58e1400fe1e4f4aef5bd88b20bb9b3da33f8"
url = "https://github.com/mvdan/sh/releases/download/v3.13.1/shfmt_v3.13.1_darwin_arm64"
url_api = "https://api.github.com/repos/mvdan/sh/releases/assets/390322881"

[tools.shfmt."platforms.macos-x64"]
checksum = "sha256:6feedafc72915794163114f512348e2437d080d0047ef8b8fa2ec63b575f12af"
url = "https://github.com/mvdan/sh/releases/download/v3.13.1/shfmt_v3.13.1_darwin_amd64"
url_api = "https://api.github.com/repos/mvdan/sh/releases/assets/390322886"

[tools.shfmt."platforms.windows-x64"]
checksum = "sha256:60cd368533d0ad73fa86d93d5bbf95ef40587245ce684ed138c1b31557b5fe97"
url = "https://github.com/mvdan/sh/releases/download/v3.13.1/shfmt_v3.13.1_windows_amd64.exe"
url_api = "https://api.github.com/repos/mvdan/sh/releases/assets/390322844"

[[tools.stylua]]
version = "2.5.2"
backend = "aqua:JohnnyMorganz/StyLua"

[tools.stylua."platforms.linux-arm64"]
checksum = "sha256:0ef2ebf0b7e5a652b65c4cb96c6d9ffb3981a98547de3c764465bbf54a8d761a"
url = "https://github.com/JohnnyMorganz/StyLua/releases/download/v2.5.2/stylua-linux-aarch64.zip"

[tools.stylua."platforms.linux-arm64-musl"]
checksum = "sha256:b948df6b4bae41af9a70948174372f96a3c14d44e3e017288701539f3db8fb75"
url = "https://github.com/JohnnyMorganz/StyLua/releases/download/v2.5.2/stylua-linux-aarch64-musl.zip"

[tools.stylua."platforms.linux-x64"]
checksum = "sha256:ca6f1cf52eaf69e6632b81acef9c197aa24b85eb30d2455a35e7dbe28ae77c72"
url = "https://github.com/JohnnyMorganz/StyLua/releases/download/v2.5.2/stylua-linux-x86_64-musl.zip"

[tools.stylua."platforms.linux-x64-musl"]
checksum = "sha256:ca6f1cf52eaf69e6632b81acef9c197aa24b85eb30d2455a35e7dbe28ae77c72"
url = "https://github.com/JohnnyMorganz/StyLua/releases/download/v2.5.2/stylua-linux-x86_64-musl.zip"

[tools.stylua."platforms.macos-arm64"]
checksum = "sha256:92ff0889e16324801bc072692974bb67f8161e62010fc90f96c62a17f81f32c7"
url = "https://github.com/JohnnyMorganz/StyLua/releases/download/v2.5.2/stylua-macos-aarch64.zip"

[tools.stylua."platforms.macos-x64"]
checksum = "sha256:53c50a1605d0a6345d160a1a5a21db40bcf2bf9cd23c17f7c277a63a1bff3a7f"
url = "https://github.com/JohnnyMorganz/StyLua/releases/download/v2.5.2/stylua-macos-x86_64.zip"

[tools.stylua."platforms.windows-x64"]
checksum = "sha256:e77d0ea1226b8b389b43f702240091249a96eea25857281f90ea24d0eb9eb969"
url = "https://github.com/JohnnyMorganz/StyLua/releases/download/v2.5.2/stylua-windows-x86_64.zip"

[[tools.taplo]]
version = "0.10.0"
backend = "aqua:tamasfe/taplo"

[tools.taplo."platforms.linux-arm64"]
url = "https://github.com/tamasfe/taplo/releases/download/0.10.0/taplo-linux-aarch64.gz"
url_api = "https://api.github.com/repos/tamasfe/taplo/releases/assets/257322597"

[tools.taplo."platforms.linux-arm64-musl"]
url = "https://github.com/tamasfe/taplo/releases/download/0.10.0/taplo-linux-aarch64.gz"
url_api = "https://api.github.com/repos/tamasfe/taplo/releases/assets/257322597"

[tools.taplo."platforms.linux-x64"]
url = "https://github.com/tamasfe/taplo/releases/download/0.10.0/taplo-linux-x86_64.gz"
url_api = "https://api.github.com/repos/tamasfe/taplo/releases/assets/257322600"

[tools.taplo."platforms.linux-x64-musl"]
url = "https://github.com/tamasfe/taplo/releases/download/0.10.0/taplo-linux-x86_64.gz"
url_api = "https://api.github.com/repos/tamasfe/taplo/releases/assets/257322600"

[tools.taplo."platforms.macos-arm64"]
url = "https://github.com/tamasfe/taplo/releases/download/0.10.0/taplo-darwin-aarch64.gz"
url_api = "https://api.github.com/repos/tamasfe/taplo/releases/assets/257323110"

[tools.taplo."platforms.macos-x64"]
url = "https://github.com/tamasfe/taplo/releases/download/0.10.0/taplo-darwin-x86_64.gz"
url_api = "https://api.github.com/repos/tamasfe/taplo/releases/assets/257323116"

[tools.taplo."platforms.windows-x64"]
url = "https://github.com/tamasfe/taplo/releases/download/0.10.0/taplo-windows-x86_64.zip"
url_api = "https://api.github.com/repos/tamasfe/taplo/releases/assets/257323062"

[[tools.uv]]
version = "0.11.19"
backend = "aqua:astral-sh/uv"

[tools.uv."platforms.linux-arm64"]
checksum = "sha256:83b13ab184a45b7d9a3b0e4b10eaebd50ad41e66cb16dcce8e60aa7be13ae399"
url = "https://github.com/astral-sh/uv/releases/download/0.11.19/uv-aarch64-unknown-linux-gnu.tar.gz"
url_api = "https://api.github.com/repos/astral-sh/uv/releases/assets/437685439"
provenance = "github-attestations"

[tools.uv."platforms.linux-arm64-musl"]
checksum = "sha256:767629b64cdf078c32e42819db28d5ca868b8dc7e3a879967fadc3e4f7f66be3"
url = "https://github.com/astral-sh/uv/releases/download/0.11.19/uv-aarch64-unknown-linux-musl.tar.gz"
url_api = "https://api.github.com/repos/astral-sh/uv/releases/assets/437685442"
provenance = "github-attestations"

[tools.uv."platforms.linux-x64"]
checksum = "sha256:7035608168e106375b36d0c818d537a889c51a8625fe7f8f7cad5e62b947c368"
url = "https://github.com/astral-sh/uv/releases/download/0.11.19/uv-x86_64-unknown-linux-gnu.tar.gz"
url_api = "https://api.github.com/repos/astral-sh/uv/releases/assets/437685519"
provenance = "github-attestations"

[tools.uv."platforms.linux-x64-musl"]
checksum = "sha256:c4c0d0a383413261af5f0f0743e1292f4aafbe907987ed83bd0ac66f0a3d7e20"
url = "https://github.com/astral-sh/uv/releases/download/0.11.19/uv-x86_64-unknown-linux-musl.tar.gz"
url_api = "https://api.github.com/repos/astral-sh/uv/releases/assets/437685523"
provenance = "github-attestations"

[tools.uv."platforms.macos-arm64"]
checksum = "sha256:d8f59c38e8c4168ee468d423cd63184be12fa6995a4283d41ee1a14d003c9453"
url = "https://github.com/astral-sh/uv/releases/download/0.11.19/uv-aarch64-apple-darwin.tar.gz"
url_api = "https://api.github.com/repos/astral-sh/uv/releases/assets/437685424"
provenance = "github-attestations"

[tools.uv."platforms.macos-x64"]
checksum = "sha256:1585f415cade9f061e7f00fe5b00030a79ccfac60c650242ce639ba946138d40"
url = "https://github.com/astral-sh/uv/releases/download/0.11.19/uv-x86_64-apple-darwin.tar.gz"
url_api = "https://api.github.com/repos/astral-sh/uv/releases/assets/437685512"
provenance = "github-attestations"

[tools.uv."platforms.windows-x64"]
checksum = "sha256:1665fc8e37b5d70a134820d6d7891747471a2ac8bc940ee7af0b69fd03b28d61"
url = "https://github.com/astral-sh/uv/releases/download/0.11.19/uv-x86_64-pc-windows-msvc.zip"
url_api = "https://api.github.com/repos/astral-sh/uv/releases/assets/437685517"
provenance = "github-attestations"
